
Microsoft Visual Studio Solution File, Format Version 12.00
# Visual Studio 15
VisualStudioVersion = 15.0.28307.438
MinimumVisualStudioVersion = 10.0.40219.1
Project("{FAE04EC0-301F-11D3-BF4B-00C04F79EFBC}") = "Astolfo", "Astolfo\Astolfo.csproj", "{24C0C7C4-D5B6-4696-BBAE-AD7C5CBD66C4}"
EndProject
Project("{9A19103F-16F7-4668-BE54-9A1E7A4F7556}") = "Astolfo.Core", "Astolfo.Core\Astolfo.Core.csproj", "{AE8CA9B0-3CB1-48CF-B61C-2BD8FA2C70E9}"
EndProject
Global
	GlobalSection(SolutionConfigurationPlatforms) = preSolution
		Debug|Any CPU = Debug|Any CPU
		Debug|ARM = Debug|ARM
		Debug|x64 = Debug|x64
		Debug|x86 = Debug|x86
		Release|Any CPU = Release|Any CPU
		Release|ARM = Release|ARM
		Release|x64 = Release|x64
		Release|x86 = Release|x86
	EndGlobalSection
	GlobalSection(ProjectConfigurationPlatforms) = postSolution
		{24C0C7C4-D5B6-4696-BBAE-AD7C5CBD66C4}.Debug|Any CPU.ActiveCfg = Debug|x86
		{24C0C7C4-D5B6-4696-BBAE-AD7C5CBD66C4}.Debug|ARM.ActiveCfg = Debug|ARM
		{24C0C7C4-D5B6-4696-BBAE-AD7C5CBD66C4}.Debug|ARM.Build.0 = Debug|ARM
		{24C0C7C4-D5B6-4696-BBAE-AD7C5CBD66C4}.Debug|ARM.Deploy.0 = Debug|ARM
		{24C0C7C4-D5B6-4696-BBAE-AD7C5CBD66C4}.Debug|x64.ActiveCfg = Debug|x64
		{24C0C7C4-D5B6-4696-BBAE-AD7C5CBD66C4}.Debug|x64.Build.0 = Debug|x64
		{24C0C7C4-D5B6-4696-BBAE-AD7C5CBD66C4}.Debug|x64.Deploy.0 = Debug|x64
		{24C0C7C4-D5B6-4696-BBAE-AD7C5CBD66C4}.Debug|x86.ActiveCfg = Debug|x86
		{24C0C7C4-D5B6-4696-BBAE-AD7C5CBD66C4}.Debug|x86.Build.0 = Debug|x86
		{24C0C7C4-D5B6-4696-BBAE-AD7C5CBD66C4}.Debug|x86.Deploy.0 = Debug|x86
		{24C0C7C4-D5B6-4696-BBAE-AD7C5CBD66C4}.Release|Any CPU.ActiveCfg = Release|x86
		{24C0C7C4-D5B6-4696-BBAE-AD7C5CBD66C4}.Release|ARM.ActiveCfg = Release|ARM
		{24C0C7C4-D5B6-4696-BBAE-AD7C5CBD66C4}.Release|ARM.Build.0 = Release|ARM
		{24C0C7C4-D5B6-4696-BBAE-AD7C5CBD66C4}.Release|ARM.Deploy.0 = Release|ARM
		{24C0C7C4-D5B6-4696-BBAE-AD7C5CBD66C4}.Release|x64.ActiveCfg = Release|x64
		{24C0C7C4-D5B6-4696-BBAE-AD7C5CBD66C4}.Release|x64.Build.0 = Release|x64
		{24C0C7C4-D5B6-4696-BBAE-AD7C5CBD66C4}.Release|x64.Deploy.0 = Release|x64
		{24C0C7C4-D5B6-4696-BBAE-AD7C5CBD66C4}.Release|x86.ActiveCfg = Release|x86
		{24C0C7C4-D5B6-4696-BBAE-AD7C5CBD66C4}.Release|x86.Build.0 = Release|x86
		{24C0C7C4-D5B6-4696-BBAE-AD7C5CBD66C4}.Release|x86.Deploy.0 = Release|x86
		{AE8CA9B0-3CB1-48CF-B61C-2BD8FA2C70E9}.Debug|Any CPU.ActiveCfg = Debug|Any CPU
		{AE8CA9B0-3CB1-48CF-B61C-2BD8FA2C70E9}.Debug|Any CPU.Build.0 = Debug|Any CPU
		{AE8CA9B0-3CB1-48CF-B61C-2BD8FA2C70E9}.Debug|ARM.ActiveCfg = Debug|Any CPU
		{AE8CA9B0-3CB1-48CF-B61C-2BD8FA2C70E9}.Debug|ARM.Build.0 = Debug|Any CPU
		{AE8CA9B0-3CB1-48CF-B61C-2BD8FA2C70E9}.Debug|x64.ActiveCfg = Debug|Any CPU
		{AE8CA9B0-3CB1-48CF-B61C-2BD8FA2C70E9}.Debug|x64.Build.0 = Debug|Any CPU
		{AE8CA9B0-3CB1-48CF-B61C-2BD8FA2C70E9}.Debug|x86.ActiveCfg = Debug|Any CPU
		{AE8CA9B0-3CB1-48CF-B61C-2BD8FA2C70E9}.Debug|x86.Build.0 = Debug|Any CPU
		{AE8CA9B0-3CB1-48CF-B61C-2BD8FA2C70E9}.Release|Any CPU.ActiveCfg = Release|Any CPU
		{AE8CA9B0-3CB1-48CF-B61C-2BD8FA2C70E9}.Release|Any CPU.Build.0 = Release|Any CPU
		{AE8CA9B0-3CB1-48CF-B61C-2BD8FA2C70E9}.Release|ARM.ActiveCfg = Release|Any CPU
		{AE8CA9B0-3CB1-48CF-B61C-2BD8FA2C70E9}.Release|ARM.Build.0 = Release|Any CPU
		{AE8CA9B0-3CB1-48CF-B61C-2BD8FA2C70E9}.Release|x64.ActiveCfg = Release|Any CPU
		{AE8CA9B0-3CB1-48CF-B61C-2BD8FA2C70E9}.Release|x64.Build.0 = Release|Any CPU
		{AE8CA9B0-3CB1-48CF-B61C-2BD8FA2C70E9}.Release|x86.ActiveCfg = Release|Any CPU
		{AE8CA9B0-3CB1-48CF-B61C-2BD8FA2C70E9}.Release|x86.Build.0 = Release|Any CPU
	EndGlobalSection
	GlobalSection(SolutionProperties) = preSolution
		HideSolutionNode = FALSE
	EndGlobalSection
	GlobalSection(ExtensibilityGlobals) = postSolution
		SolutionGuid = {184ADC36-7A6E-42CC-B334-D3E4C9AC054B}
	EndGlobalSection
EndGlobal
